# @generated by Move, please check-in and do not edit manually.

[move]
version = 2
manifest_digest = "35A14D9476CDAF73634B263EF52CAF2C2076485E46E3CF4B2EB082C9A2FE7176"
deps_digest = "F8BBB0CCB2491CA29A3DF03D6F92277A4F3574266507ACD77214D37ECA3F3082"
dependencies = [
  { name = "Sui" },
]

[[move.package]]
name = "MoveStdlib"
source = { git = "https://github.com/MystenLabs/sui.git", rev = "framework/testnet", subdir = "crates/sui-framework/packages/move-stdlib" }

[[move.package]]
name = "Sui"
source = { git = "https://github.com/MystenLabs/sui.git", rev = "framework/testnet", subdir = "crates/sui-framework/packages/sui-framework" }

dependencies = [
  { name = "MoveStdlib" },
]

[move.toolchain-version]
compiler-version = "1.31.0"
edition = "2024.beta"
flavor = "sui"

[env]

[env.devnet]
chain-id = "f2bac0d4"
original-published-id = "0x3f8a1f9dd54040bed0432a917176ef1d2a31dcbde14e6b4bda3e7486a5a8686e"
latest-published-id = "0x3f8a1f9dd54040bed0432a917176ef1d2a31dcbde14e6b4bda3e7486a5a8686e"
published-version = "1"
